// !$*UTF8*$!
{
	archiveVersion = 1;
	classes = {
	};
	objectVersion = 50;
	objects = {

/* Begin PBXBuildFile section */
		B37792E724676AFE005EB46C /* AppDelegate.swift in Sources */ = {isa = PBXBuildFile; fileRef = B37792E624676AFE005EB46C /* AppDelegate.swift */; };
		B37792E924676AFE005EB46C /* SceneDelegate.swift in Sources */ = {isa = PBXBuildFile; fileRef = B37792E824676AFE005EB46C /* SceneDelegate.swift */; };
		B37792EB24676AFE005EB46C /* ContentView.swift in Sources */ = {isa = PBXBuildFile; fileRef = B37792EA24676AFE005EB46C /* ContentView.swift */; };
		B37792ED24676B02005EB46C /* Assets.xcassets in Resources */ = {isa = PBXBuildFile; fileRef = B37792EC24676B02005EB46C /* Assets.xcassets */; };
		B37792F024676B02005EB46C /* Preview Assets.xcassets in Resources */ = {isa = PBXBuildFile; fileRef = B37792EF24676B02005EB46C /* Preview Assets.xcassets */; };
		B37792F324676B02005EB46C /* LaunchScreen.storyboard in Resources */ = {isa = PBXBuildFile; fileRef = B37792F124676B02005EB46C /* LaunchScreen.storyboard */; };
		B37792FE24676B02005EB46C /* DesignCodeTests.swift in Sources */ = {isa = PBXBuildFile; fileRef = B37792FD24676B02005EB46C /* DesignCodeTests.swift */; };
		B377930924676B02005EB46C /* DesignCodeUITests.swift in Sources */ = {isa = PBXBuildFile; fileRef = B377930824676B02005EB46C /* DesignCodeUITests.swift */; };
		B377931724676B95005EB46C /* MenuView.swift in Sources */ = {isa = PBXBuildFile; fileRef = B377931624676B95005EB46C /* MenuView.swift */; };
		B377931924676BA9005EB46C /* Home.swift in Sources */ = {isa = PBXBuildFile; fileRef = B377931824676BA9005EB46C /* Home.swift */; };
		B377931B24676BB7005EB46C /* HomeView.swift in Sources */ = {isa = PBXBuildFile; fileRef = B377931A24676BB7005EB46C /* HomeView.swift */; };
		B377931D24676BD8005EB46C /* UpdateView.swift in Sources */ = {isa = PBXBuildFile; fileRef = B377931C24676BD8005EB46C /* UpdateView.swift */; };
		B377931F24676BEE005EB46C /* UpdateDetail.swift in Sources */ = {isa = PBXBuildFile; fileRef = B377931E24676BEE005EB46C /* UpdateDetail.swift */; };
		B377932124676C05005EB46C /* UpdateStore.swift in Sources */ = {isa = PBXBuildFile; fileRef = B377932024676C05005EB46C /* UpdateStore.swift */; };
		B377932324676C1A005EB46C /* TabBar.swift in Sources */ = {isa = PBXBuildFile; fileRef = B377932224676C1A005EB46C /* TabBar.swift */; };
/* End PBXBuildFile section */

/* Begin PBXContainerItemProxy section */
		B37792FA24676B02005EB46C /* PBXContainerItemProxy */ = {
			isa = PBXContainerItemProxy;
			containerPortal = B37792DB24676AFE005EB46C /* Project object */;
			proxyType = 1;
			remoteGlobalIDString = B37792E224676AFE005EB46C;
			remoteInfo = DesignCode;
		};
		B377930524676B02005EB46C /* PBXContainerItemProxy */ = {
			isa = PBXContainerItemProxy;
			containerPortal = B37792DB24676AFE005EB46C /* Project object */;
			proxyType = 1;
			remoteGlobalIDString = B37792E224676AFE005EB46C;
			remoteInfo = DesignCode;
		};
/* End PBXContainerItemProxy section */

/* Begin PBXFileReference section */
		B37792E324676AFE005EB46C /* DesignCode.app */ = {isa = PBXFileReference; explicitFileType = wrapper.application; includeInIndex = 0; path = DesignCode.app; sourceTree = BUILT_PRODUCTS_DIR; };
		B37792E624676AFE005EB46C /* AppDelegate.swift */ = {isa = PBXFileReference; lastKnownFileType = sourcecode.swift; path = AppDelegate.swift; sourceTree = "<group>"; };
		B37792E824676AFE005EB46C /* SceneDelegate.swift */ = {isa = PBXFileReference; lastKnownFileType = sourcecode.swift; path = SceneDelegate.swift; sourceTree = "<group>"; };
		B37792EA24676AFE005EB46C /* ContentView.swift */ = {isa = PBXFileReference; lastKnownFileType = sourcecode.swift; path = ContentView.swift; sourceTree = "<group>"; };
		B37792EC24676B02005EB46C /* Assets.xcassets */ = {isa = PBXFileReference; lastKnownFileType = folder.assetcatalog; path = Assets.xcassets; sourceTree = "<group>"; };
		B37792EF24676B02005EB46C /* Preview Assets.xcassets */ = {isa = PBXFileReference; lastKnownFileType = folder.assetcatalog; path = "Preview Assets.xcassets"; sourceTree = "<group>"; };
		B37792F224676B02005EB46C /* Base */ = {isa = PBXFileReference; lastKnownFileType = file.storyboard; name = Base; path = Base.lproj/LaunchScreen.storyboard; sourceTree = "<group>"; };
		B37792F424676B02005EB46C /* Info.plist */ = {isa = PBXFileReference; lastKnownFileType = text.plist.xml; path = Info.plist; sourceTree = "<group>"; };
		B37792F924676B02005EB46C /* DesignCodeTests.xctest */ = {isa = PBXFileReference; explicitFileType = wrapper.cfbundle; includeInIndex = 0; path = DesignCodeTests.xctest; sourceTree = BUILT_PRODUCTS_DIR; };
		B37792FD24676B02005EB46C /* DesignCodeTests.swift */ = {isa = PBXFileReference; lastKnownFileType = sourcecode.swift; path = DesignCodeTests.swift; sourceTree = "<group>"; };
		B37792FF24676B02005EB46C /* Info.plist */ = {isa = PBXFileReference; lastKnownFileType = text.plist.xml; path = Info.plist; sourceTree = "<group>"; };
		B377930424676B02005EB46C /* DesignCodeUITests.xctest */ = {isa = PBXFileReference; explicitFileType = wrapper.cfbundle; includeInIndex = 0; path = DesignCodeUITests.xctest; sourceTree = BUILT_PRODUCTS_DIR; };
		B377930824676B02005EB46C /* DesignCodeUITests.swift */ = {isa = PBXFileReference; lastKnownFileType = sourcecode.swift; path = DesignCodeUITests.swift; sourceTree = "<group>"; };
		B377930A24676B02005EB46C /* Info.plist */ = {isa = PBXFileReference; lastKnownFileType = text.plist.xml; path = Info.plist; sourceTree = "<group>"; };
		B377931624676B95005EB46C /* MenuView.swift */ = {isa = PBXFileReference; lastKnownFileType = sourcecode.swift; path = MenuView.swift; sourceTree = "<group>"; };
		B377931824676BA9005EB46C /* Home.swift */ = {isa = PBXFileReference; lastKnownFileType = sourcecode.swift; path = Home.swift; sourceTree = "<group>"; };
		B377931A24676BB7005EB46C /* HomeView.swift */ = {isa = PBXFileReference; lastKnownFileType = sourcecode.swift; path = HomeView.swift; sourceTree = "<group>"; };
		B377931C24676BD8005EB46C /* UpdateView.swift */ = {isa = PBXFileReference; lastKnownFileType = sourcecode.swift; path = UpdateView.swift; sourceTree = "<group>"; };
		B377931E24676BEE005EB46C /* UpdateDetail.swift */ = {isa = PBXFileReference; lastKnownFileType = sourcecode.swift; path = UpdateDetail.swift; sourceTree = "<group>"; };
		B377932024676C05005EB46C /* UpdateStore.swift */ = {isa = PBXFileReference; lastKnownFileType = sourcecode.swift; path = UpdateStore.swift; sourceTree = "<group>"; };
		B377932224676C1A005EB46C /* TabBar.swift */ = {isa = PBXFileReference; lastKnownFileType = sourcecode.swift; path = TabBar.swift; sourceTree = "<group>"; };
/* End PBXFileReference section */

/* Begin PBXFrameworksBuildPhase section */
		B37792E024676AFE005EB46C /* Frameworks */ = {
			isa = PBXFrameworksBuildPhase;
			buildActionMask = 2147483647;
			files = (
			);
			runOnlyForDeploymentPostprocessing = 0;
		};
		B37792F624676B02005EB46C /* Frameworks */ = {
			isa = PBXFrameworksBuildPhase;
			buildActionMask = 2147483647;
			files = (
			);
			runOnlyForDeploymentPostprocessing = 0;
		};
		B377930124676B02005EB46C /* Frameworks */ = {
			isa = PBXFrameworksBuildPhase;
			buildActionMask = 2147483647;
			files = (
			);
			runOnlyForDeploymentPostprocessing = 0;
		};
/* End PBXFrameworksBuildPhase section */

/* Begin PBXGroup section */
		B37792DA24676AFE005EB46C = {
			isa = PBXGroup;
			children = (
				B37792E524676AFE005EB46C /* DesignCode */,
				B37792FC24676B02005EB46C /* DesignCodeTests */,
				B377930724676B02005EB46C /* DesignCodeUITests */,
				B37792E424676AFE005EB46C /* Products */,
			);
			sourceTree = "<group>";
		};
		B37792E424676AFE005EB46C /* Products */ = {
			isa = PBXGroup;
			children = (
				B37792E324676AFE005EB46C /* DesignCode.app */,
				B37792F924676B02005EB46C /* DesignCodeTests.xctest */,
				B377930424676B02005EB46C /* DesignCodeUITests.xctest */,
			);
			name = Products;
			sourceTree = "<group>";
		};
		B37792E524676AFE005EB46C /* DesignCode */ = {
			isa = PBXGroup;
			children = (
				B37792E624676AFE005EB46C /* AppDelegate.swift */,
				B37792E824676AFE005EB46C /* SceneDelegate.swift */,
				B37792EA24676AFE005EB46C /* ContentView.swift */,
				B377931624676B95005EB46C /* MenuView.swift */,
				B377931824676BA9005EB46C /* Home.swift */,
				B377931A24676BB7005EB46C /* HomeView.swift */,
				B377931C24676BD8005EB46C /* UpdateView.swift */,
				B377931E24676BEE005EB46C /* UpdateDetail.swift */,
				B377932024676C05005EB46C /* UpdateStore.swift */,
				B377932224676C1A005EB46C /* TabBar.swift */,
				B37792EC24676B02005EB46C /* Assets.xcassets */,
				B37792F124676B02005EB46C /* LaunchScreen.storyboard */,
				B37792F424676B02005EB46C /* Info.plist */,
				B37792EE24676B02005EB46C /* Preview Content */,
			);
			path = DesignCode;
			sourceTree = "<group>";
		};
		B37792EE24676B02005EB46C /* Preview Content */ = {
			isa = PBXGroup;
			children = (
				B37792EF24676B02005EB46C /* Preview Assets.xcassets */,
			);
			path = "Preview Content";
			sourceTree = "<group>";
		};
		B37792FC24676B02005EB46C /* DesignCodeTests */ = {
			isa = PBXGroup;
			children = (
				B37792FD24676B02005EB46C /* DesignCodeTests.swift */,
				B37792FF24676B02005EB46C /* Info.plist */,
			);
			path = DesignCodeTests;
			sourceTree = "<group>";
		};
		B377930724676B02005EB46C /* DesignCodeUITests */ = {
			isa = PBXGroup;
			children = (
				B377930824676B02005EB46C /* DesignCodeUITests.swift */,
				B377930A24676B02005EB46C /* Info.plist */,
			);
			path = DesignCodeUITests;
			sourceTree = "<group>";
		};
/* End PBXGroup section */

/* Begin PBXNativeTarget section */
		B37792E224676AFE005EB46C /* DesignCode */ = {
			isa = PBXNativeTarget;
			buildConfigurationList = B377930D24676B02005EB46C /* Build configuration list for PBXNativeTarget "DesignCode" */;
			buildPhases = (
				B37792DF24676AFE005EB46C /* Sources */,
				B37792E024676AFE005EB46C /* Frameworks */,
				B37792E124676AFE005EB46C /* Resources */,
			);
			buildRules = (
			);
			dependencies = (
			);
			name = DesignCode;
			productName = DesignCode;
			productReference = B37792E324676AFE005EB46C /* DesignCode.app */;
			productType = "com.apple.product-type.application";
		};
		B37792F824676B02005EB46C /* DesignCodeTests */ = {
			isa = PBXNativeTarget;
			buildConfigurationList = B377931024676B02005EB46C /* Build configuration list for PBXNativeTarget "DesignCodeTests" */;
			buildPhases = (
				B37792F524676B02005EB46C /* Sources */,
				B37792F624676B02005EB46C /* Frameworks */,
				B37792F724676B02005EB46C /* Resources */,
			);
			buildRules = (
			);
			dependencies = (
				B37792FB24676B02005EB46C /* PBXTargetDependency */,
			);
			name = DesignCodeTests;
			productName = DesignCodeTests;
			productReference = B37792F924676B02005EB46C /* DesignCodeTests.xctest */;
			productType = "com.apple.product-type.bundle.unit-test";
		};
		B377930324676B02005EB46C /* DesignCodeUITests */ = {
			isa = PBXNativeTarget;
			buildConfigurationList = B377931324676B02005EB46C /* Build configuration list for PBXNativeTarget "DesignCodeUITests" */;
			buildPhases = (
				B377930024676B02005EB46C /* Sources */,
				B377930124676B02005EB46C /* Frameworks */,
				B377930224676B02005EB46C /* Resources */,
			);
			buildRules = (
			);
			dependencies = (
				B377930624676B02005EB46C /* PBXTargetDependency */,
			);
			name = DesignCodeUITests;
			productName = DesignCodeUITests;
			productReference = B377930424676B02005EB46C /* DesignCodeUITests.xctest */;
			productType = "com.apple.product-type.bundle.ui-testing";
		};
/* End PBXNativeTarget section */

/* Begin PBXProject section */
		B37792DB24676AFE005EB46C /* Project object */ = {
			isa = PBXProject;
			attributes = {
				LastSwiftUpdateCheck = 1100;
				LastUpgradeCheck = 1100;
				ORGANIZATIONNAME = "Noura Abdualaziz";
				TargetAttributes = {
					B37792E224676AFE005EB46C = {
						CreatedOnToolsVersion = 11.0;
					};
					B37792F824676B02005EB46C = {
						CreatedOnToolsVersion = 11.0;
						TestTargetID = B37792E224676AFE005EB46C;
					};
					B377930324676B02005EB46C = {
						CreatedOnToolsVersion = 11.0;
						TestTargetID = B37792E224676AFE005EB46C;
					};
				};
			};
			buildConfigurationList = B37792DE24676AFE005EB46C /* Build configuration list for PBXProject "DesignCode" */;
			compatibilityVersion = "Xcode 9.3";
			developmentRegion = en;
			hasScannedForEncodings = 0;
			knownRegions = (
				en,
				Base,
			);
			mainGroup = B37792DA24676AFE005EB46C;
			productRefGroup = B37792E424676AFE005EB46C /* Products */;
			projectDirPath = "";
			projectRoot = "";
			targets = (
				B37792E224676AFE005EB46C /* DesignCode */,
				B37792F824676B02005EB46C /* DesignCodeTests */,
				B377930324676B02005EB46C /* DesignCodeUITests */,
			);
		};
/* End PBXProject section */

/* Begin PBXResourcesBuildPhase section */
		B37792E124676AFE005EB46C /* Resources */ = {
			isa = PBXResourcesBuildPhase;
			buildActionMask = 2147483647;
			files = (
				B37792F324676B02005EB46C /* LaunchScreen.storyboard in Resources */,
				B37792F024676B02005EB46C /* Preview Assets.xcassets in Resources */,
				B37792ED24676B02005EB46C /* Assets.xcassets in Resources */,
			);
			runOnlyForDeploymentPostprocessing = 0;
		};
		B37792F724676B02005EB46C /* Resources */ = {
			isa = PBXResourcesBuildPhase;
			buildActionMask = 2147483647;
			files = (
			);
			runOnlyForDeploymentPostprocessing = 0;
		};
		B377930224676B02005EB46C /* Resources */ = {
			isa = PBXResourcesBuildPhase;
			buildActionMask = 2147483647;
			files = (
			);
			runOnlyForDeploymentPostprocessing = 0;
		};
/* End PBXResourcesBuildPhase section */

/* Begin PBXSourcesBuildPhase section */
		B37792DF24676AFE005EB46C /* Sources */ = {
			isa = PBXSourcesBuildPhase;
			buildActionMask = 2147483647;
			files = (
				B37792E724676AFE005EB46C /* AppDelegate.swift in Sources */,
				B377932124676C05005EB46C /* UpdateStore.swift in Sources */,
				B377931724676B95005EB46C /* MenuView.swift in Sources */,
				B377931924676BA9005EB46C /* Home.swift in Sources */,
				B377931F24676BEE005EB46C /* UpdateDetail.swift in Sources */,
				B377931B24676BB7005EB46C /* HomeView.swift in Sources */,
				B37792E924676AFE005EB46C /* SceneDelegate.swift in Sources */,
				B377931D24676BD8005EB46C /* UpdateView.swift in Sources */,
				B37792EB24676AFE005EB46C /* ContentView.swift in Sources */,
				B377932324676C1A005EB46C /* TabBar.swift in Sources */,
			);
			runOnlyForDeploymentPostprocessing = 0;
		};
		B37792F524676B02005EB46C /* Sources */ = {
			isa = PBXSourcesBuildPhase;
			buildActionMask = 2147483647;
			files = (
				B37792FE24676B02005EB46C /* DesignCodeTests.swift in Sources */,
			);
			runOnlyForDeploymentPostprocessing = 0;
		};
		B377930024676B02005EB46C /* Sources */ = {
			isa = PBXSourcesBuildPhase;
			buildActionMask = 2147483647;
			files = (
				B377930924676B02005EB46C /* DesignCodeUITests.swift in Sources */,
			);
			runOnlyForDeploymentPostprocessing = 0;
		};
/* End PBXSourcesBuildPhase section */

/* Begin PBXTargetDependency section */
		B37792FB24676B02005EB46C /* PBXTargetDependency */ = {
			isa = PBXTargetDependency;
			target = B37792E224676AFE005EB46C /* DesignCode */;
			targetProxy = B37792FA24676B02005EB46C /* PBXContainerItemProxy */;
		};
		B377930624676B02005EB46C /* PBXTargetDependency */ = {
			isa = PBXTargetDependency;
			target = B37792E224676AFE005EB46C /* DesignCode */;
			targetProxy = B377930524676B02005EB46C /* PBXContainerItemProxy */;
		};
/* End PBXTargetDependency section */

/* Begin PBXVariantGroup section */
		B37792F124676B02005EB46C /* LaunchScreen.storyboard */ = {
			isa = PBXVariantGroup;
			children = (
				B37792F224676B02005EB46C /* Base */,
			);
			name = LaunchScreen.storyboard;
			sourceTree = "<group>";
		};
/* End PBXVariantGroup section */

/* Begin XCBuildConfiguration section */
		B377930B24676B02005EB46C /* Debug */ = {
			isa = XCBuildConfiguration;
			buildSettings = {
				ALWAYS_SEARCH_USER_PATHS = NO;
				CLANG_ANALYZER_NONNULL = YES;
				CLANG_ANALYZER_NUMBER_OBJECT_CONVERSION = YES_AGGRESSIVE;
				CLANG_CXX_LANGUAGE_STANDARD = "gnu++14";
				CLANG_CXX_LIBRARY = "libc++";
				CLANG_ENABLE_MODULES = YES;
				CLANG_ENABLE_OBJC_ARC = YES;
				CLANG_ENABLE_OBJC_WEAK = YES;
				CLANG_WARN_BLOCK_CAPTURE_AUTORELEASING = YES;
				CLANG_WARN_BOOL_CONVERSION = YES;
				CLANG_WARN_COMMA = YES;
				CLANG_WARN_CONSTANT_CONVERSION = YES;
				CLANG_WARN_DEPRECATED_OBJC_IMPLEMENTATIONS = YES;
				CLANG_WARN_DIRECT_OBJC_ISA_USAGE = YES_ERROR;
				CLANG_WARN_DOCUMENTATION_COMMENTS = YES;
				CLANG_WARN_EMPTY_BODY = YES;
				CLANG_WARN_ENUM_CONVERSION = YES;
				CLANG_WARN_INFINITE_RECURSION = YES;
				CLANG_WARN_INT_CONVERSION = YES;
				CLANG_WARN_NON_LITERAL_NULL_CONVERSION = YES;
				CLANG_WARN_OBJC_IMPLICIT_RETAIN_SELF = YES;
				CLANG_WARN_OBJC_LITERAL_CONVERSION = YES;
				CLANG_WARN_OBJC_ROOT_CLASS = YES_ERROR;
				CLANG_WARN_RANGE_LOOP_ANALYSIS = YES;
				CLANG_WARN_STRICT_PROTOTYPES = YES;
				CLANG_WARN_SUSPICIOUS_MOVE = YES;
				CLANG_WARN_UNGUARDED_AVAILABILITY = YES_AGGRESSIVE;
				CLANG_WARN_UNREACHABLE_CODE = YES;
				CLANG_WARN__DUPLICATE_METHOD_MATCH = YES;
				COPY_PHASE_STRIP = NO;
				DEBUG_INFORMATION_FORMAT = dwarf;
				ENABLE_STRICT_OBJC_MSGSEND = YES;
				ENABLE_TESTABILITY = YES;
				GCC_C_LANGUAGE_STANDARD = gnu11;
				GCC_DYNAMIC_NO_PIC = NO;
				GCC_NO_COMMON_BLOCKS = YES;
				GCC_OPTIMIZATION_LEVEL = 0;
				GCC_PREPROCESSOR_DEFINITIONS = (
					"DEBUG=1",
					"$(inherited)",
				);
				GCC_WARN_64_TO_32_BIT_CONVERSION = YES;
				GCC_WARN_ABOUT_RETURN_TYPE = YES_ERROR;
				GCC_WARN_UNDECLARED_SELECTOR = YES;
				GCC_WARN_UNINITIALIZED_AUTOS = YES_AGGRESSIVE;
				GCC_WARN_UNUSED_FUNCTION = YES;
				GCC_WARN_UNUSED_VARIABLE = YES;
				IPHONEOS_DEPLOYMENT_TARGET = 13.0;
				MTL_ENABLE_DEBUG_INFO = INCLUDE_SOURCE;
				MTL_FAST_MATH = YES;
				ONLY_ACTIVE_ARCH = YES;
				SDKROOT = iphoneos;
				SWIFT_ACTIVE_COMPILATION_CONDITIONS = DEBUG;
				SWIFT_OPTIMIZATION_LEVEL = "-Onone";
			};
			name = Debug;
		};
		B377930C24676B02005EB46C /* Release */ = {
			isa = XCBuildConfiguration;
			buildSettings = {
				ALWAYS_SEARCH_USER_PATHS = NO;
				CLANG_ANALYZER_NONNULL = YES;
				CLANG_ANALYZER_NUMBER_OBJECT_CONVERSION = YES_AGGRESSIVE;
				CLANG_CXX_LANGUAGE_STANDARD = "gnu++14";
				CLANG_CXX_LIBRARY = "libc++";
				CLANG_ENABLE_MODULES = YES;
				CLANG_ENABLE_OBJC_ARC = YES;
				CLANG_ENABLE_OBJC_WEAK = YES;
				CLANG_WARN_BLOCK_CAPTURE_AUTORELEASING = YES;
				CLANG_WARN_BOOL_CONVERSION = YES;
				CLANG_WARN_COMMA = YES;
				CLANG_WARN_CONSTANT_CONVERSION = YES;
				CLANG_WARN_DEPRECATED_OBJC_IMPLEMENTATIONS = YES;
				CLANG_WARN_DIRECT_OBJC_ISA_USAGE = YES_ERROR;
				CLANG_WARN_DOCUMENTATION_COMMENTS = YES;
				CLANG_WARN_EMPTY_BODY = YES;
				CLANG_WARN_ENUM_CONVERSION = YES;
				CLANG_WARN_INFINITE_RECURSION = YES;
				CLANG_WARN_INT_CONVERSION = YES;
				CLANG_WARN_NON_LITERAL_NULL_CONVERSION = YES;
				CLANG_WARN_OBJC_IMPLICIT_RETAIN_SELF = YES;
				CLANG_WARN_OBJC_LITERAL_CONVERSION = YES;
				CLANG_WARN_OBJC_ROOT_CLASS = YES_ERROR;
				CLANG_WARN_RANGE_LOOP_ANALYSIS = YES;
				CLANG_WARN_STRICT_PROTOTYPES = YES;
				CLANG_WARN_SUSPICIOUS_MOVE = YES;
				CLANG_WARN_UNGUARDED_AVAILABILITY = YES_AGGRESSIVE;
				CLANG_WARN_UNREACHABLE_CODE = YES;
				CLANG_WARN__DUPLICATE_METHOD_MATCH = YES;
				COPY_PHASE_STRIP = NO;
				DEBUG_INFORMATION_FORMAT = "dwarf-with-dsym";
				ENABLE_NS_ASSERTIONS = NO;
				ENABLE_STRICT_OBJC_MSGSEND = YES;
				GCC_C_LANGUAGE_STANDARD = gnu11;
				GCC_NO_COMMON_BLOCKS = YES;
				GCC_WARN_64_TO_32_BIT_CONVERSION = YES;
				GCC_WARN_ABOUT_RETURN_TYPE = YES_ERROR;
				GCC_WARN_UNDECLARED_SELECTOR = YES;
				GCC_WARN_UNINITIALIZED_AUTOS = YES_AGGRESSIVE;
				GCC_WARN_UNUSED_FUNCTION = YES;
				GCC_WARN_UNUSED_VARIABLE = YES;
				IPHONEOS_DEPLOYMENT_TARGET = 13.0;
				MTL_ENABLE_DEBUG_INFO = NO;
				MTL_FAST_MATH = YES;
				SDKROOT = iphoneos;
				SWIFT_COMPILATION_MODE = wholemodule;
				SWIFT_OPTIMIZATION_LEVEL = "-O";
				VALIDATE_PRODUCT = YES;
			};
			name = Release;
		};
		B377930E24676B02005EB46C /* Debug */ = {
			isa = XCBuildConfiguration;
			buildSettings = {
				ASSETCATALOG_COMPILER_APPICON_NAME = AppIcon;
				CODE_SIGN_STYLE = Automatic;
				DEVELOPMENT_ASSET_PATHS = "\"DesignCode/Preview Content\"";
				DEVELOPMENT_TEAM = 232776J4C5;
				ENABLE_PREVIEWS = YES;
				INFOPLIST_FILE = DesignCode/Info.plist;
				LD_RUNPATH_SEARCH_PATHS = (
					"$(inherited)",
					"@executable_path/Frameworks",
				);
				PRODUCT_BUNDLE_IDENTIFIER = com.nora.DesignCode.DesignCode;
				PRODUCT_NAME = "$(TARGET_NAME)";
				SWIFT_VERSION = 5.0;
				TARGETED_DEVICE_FAMILY = "1,2";
			};
			name = Debug;
		};
		B377930F24676B02005EB46C /* Release */ = {
			isa = XCBuildConfiguration;
			buildSettings = {
				ASSETCATALOG_COMPILER_APPICON_NAME = AppIcon;
				CODE_SIGN_STYLE = Automatic;
				DEVELOPMENT_ASSET_PATHS = "\"DesignCode/Preview Content\"";
				DEVELOPMENT_TEAM = 232776J4C5;
				ENABLE_PREVIEWS = YES;
				INFOPLIST_FILE = DesignCode/Info.plist;
				LD_RUNPATH_SEARCH_PATHS = (
					"$(inherited)",
					"@executable_path/Frameworks",
				);
				PRODUCT_BUNDLE_IDENTIFIER = com.nora.DesignCode.DesignCode;
				PRODUCT_NAME = "$(TARGET_NAME)";
				SWIFT_VERSION = 5.0;
				TARGETED_DEVICE_FAMILY = "1,2";
			};
			name = Release;
		};
		B377931124676B02005EB46C /* Debug */ = {
			isa = XCBuildConfiguration;
			buildSettings = {
				ALWAYS_EMBED_SWIFT_STANDARD_LIBRARIES = YES;
				BUNDLE_LOADER = "$(TEST_HOST)";
				CODE_SIGN_STYLE = Automatic;
				DEVELOPMENT_TEAM = 232776J4C5;
				INFOPLIST_FILE = DesignCodeTests/Info.plist;
				IPHONEOS_DEPLOYMENT_TARGET = 13.0;
				LD_RUNPATH_SEARCH_PATHS = (
					"$(inherited)",
					"@executable_path/Frameworks",
					"@loader_path/Frameworks",
				);
				PRODUCT_BUNDLE_IDENTIFIER = com.nora.DesignCode.DesignCodeTests;
				PRODUCT_NAME = "$(TARGET_NAME)";
				SWIFT_VERSION = 5.0;
				TARGETED_DEVICE_FAMILY = "1,2";
				TEST_HOST = "$(BUILT_PRODUCTS_DIR)/DesignCode.app/DesignCode";
			};
			name = Debug;
		};
		B377931224676B02005EB46C /* Release */ = {
			isa = XCBuildConfiguration;
			buildSettings = {
				ALWAYS_EMBED_SWIFT_STANDARD_LIBRARIES = YES;
				BUNDLE_LOADER = "$(TEST_HOST)";
				CODE_SIGN_STYLE = Automatic;
				DEVELOPMENT_TEAM = 232776J4C5;
				INFOPLIST_FILE = DesignCodeTests/Info.plist;
				IPHONEOS_DEPLOYMENT_TARGET = 13.0;
				LD_RUNPATH_SEARCH_PATHS = (
					"$(inherited)",
					"@executable_path/Frameworks",
					"@loader_path/Frameworks",
				);
				PRODUCT_BUNDLE_IDENTIFIER = com.nora.DesignCode.DesignCodeTests;
				PRODUCT_NAME = "$(TARGET_NAME)";
				SWIFT_VERSION = 5.0;
				TARGETED_DEVICE_FAMILY = "1,2";
				TEST_HOST = "$(BUILT_PRODUCTS_DIR)/DesignCode.app/DesignCode";
			};
			name = Release;
		};
		B377931424676B02005EB46C /* Debug */ = {
			isa = XCBuildConfiguration;
			buildSettings = {
				ALWAYS_EMBED_SWIFT_STANDARD_LIBRARIES = YES;
				CODE_SIGN_STYLE = Automatic;
				DEVELOPMENT_TEAM = 232776J4C5;
				INFOPLIST_FILE = DesignCodeUITests/Info.plist;
				LD_RUNPATH_SEARCH_PATHS = (
					"$(inherited)",
					"@executable_path/Frameworks",
					"@loader_path/Frameworks",
				);
				PRODUCT_BUNDLE_IDENTIFIER = com.nora.DesignCode.DesignCodeUITests;
				PRODUCT_NAME = "$(TARGET_NAME)";
				SWIFT_VERSION = 5.0;
				TARGETED_DEVICE_FAMILY = "1,2";
				TEST_TARGET_NAME = DesignCode;
			};
			name = Debug;
		};
		B377931524676B02005EB46C /* Release */ = {
			isa = XCBuildConfiguration;
			buildSettings = {
				ALWAYS_EMBED_SWIFT_STANDARD_LIBRARIES = YES;
				CODE_SIGN_STYLE = Automatic;
				DEVELOPMENT_TEAM = 232776J4C5;
				INFOPLIST_FILE = DesignCodeUITests/Info.plist;
				LD_RUNPATH_SEARCH_PATHS = (
					"$(inherited)",
					"@executable_path/Frameworks",
					"@loader_path/Frameworks",
				);
				PRODUCT_BUNDLE_IDENTIFIER = com.nora.DesignCode.DesignCodeUITests;
				PRODUCT_NAME = "$(TARGET_NAME)";
				SWIFT_VERSION = 5.0;
				TARGETED_DEVICE_FAMILY = "1,2";
				TEST_TARGET_NAME = DesignCode;
			};
			name = Release;
		};
/* End XCBuildConfiguration section */

/* Begin XCConfigurationList section */
		B37792DE24676AFE005EB46C /* Build configuration list for PBXProject "DesignCode" */ = {
			isa = XCConfigurationList;
			buildConfigurations = (
				B377930B24676B02005EB46C /* Debug */,
				B377930C24676B02005EB46C /* Release */,
			);
			defaultConfigurationIsVisible = 0;
			defaultConfigurationName = Release;
		};
		B377930D24676B02005EB46C /* Build configuration list for PBXNativeTarget "DesignCode" */ = {
			isa = XCConfigurationList;
			buildConfigurations = (
				B377930E24676B02005EB46C /* Debug */,
				B377930F24676B02005EB46C /* Release */,
			);
			defaultConfigurationIsVisible = 0;
			defaultConfigurationName = Release;
		};
		B377931024676B02005EB46C /* Build configuration list for PBXNativeTarget "DesignCodeTests" */ = {
			isa = XCConfigurationList;
			buildConfigurations = (
				B377931124676B02005EB46C /* Debug */,
				B377931224676B02005EB46C /* Release */,
			);
			defaultConfigurationIsVisible = 0;
			defaultConfigurationName = Release;
		};
		B377931324676B02005EB46C /* Build configuration list for PBXNativeTarget "DesignCodeUITests" */ = {
			isa = XCConfigurationList;
			buildConfigurations = (
				B377931424676B02005EB46C /* Debug */,
				B377931524676B02005EB46C /* Release */,
			);
			defaultConfigurationIsVisible = 0;
			defaultConfigurationName = Release;
		};
/* End XCConfigurationList section */
	};
	rootObject = B37792DB24676AFE005EB46C /* Project object */;
}
